{
    "_readme": [
        "This file locks the dependencies of your project to a known state",
        "Read more about it at http://getcomposer.org/doc/01-basic-usage.md#composer-lock-the-lock-file"
    ],
    "hash": "957c48a195038b4e3dd6e2fd5d6ffc51",
    "packages": [
        {
            "name": "dflydev/markdown",
            "version": "dev-master",
            "source": {
                "type": "git",
                "url": "https://github.com/dflydev/dflydev-markdown.git",
                "reference": "11f8faa2d17f717a038b4d372abd22a6ac4a15dc"
            },
            "dist": {
                "type": "zip",
                "url": "https://api.github.com/repos/dflydev/dflydev-markdown/zipball/11f8faa2d17f717a038b4d372abd22a6ac4a15dc",
                "reference": "11f8faa2d17f717a038b4d372abd22a6ac4a15dc",
                "shasum": ""
            },
            "require": {
                "php": ">=5.3"
            },
            "type": "library",
            "extra": {
                "branch-alias": {
                    "dev-master": "1.0-dev"
                }
            },
            "autoload": {
                "psr-0": {
                    "dflydev\\markdown": "src"
                }
            },
            "notification-url": "https://packagist.org/downloads/",
            "license": [
                "BSD-3-Clause"
            ],
            "authors": [
                {
                    "name": "Dragonfly Development Inc.",
                    "email": "info@dflydev.com",
                    "homepage": "http://dflydev.com"
                },
                {
                    "name": "Beau Simensen",
                    "email": "beau@dflydev.com",
                    "homepage": "http://beausimensen.com"
                },
                {
                    "name": "Michel Fortin",
                    "homepage": "http://michelf.com"
                },
                {
                    "name": "John Gruber",
                    "homepage": "http://daringfireball.net"
                }
            ],
            "description": "PHP Markdown & Extra",
            "homepage": "http://github.com/dflydev/dflydev-markdown",
            "keywords": [
                "markdown"
            ],
            "time": "2012-07-15 16:31:27"
        },
        {
            "name": "facebook/php-sdk",
            "version": "dev-master",
            "source": {
                "type": "git",
                "url": "https://github.com/facebook/facebook-php-sdk.git",
                "reference": "16d696c138b82003177d0b4841a3e4652442e5b1"
            },
            "dist": {
                "type": "zip",
                "url": "https://api.github.com/repos/facebook/facebook-php-sdk/zipball/16d696c138b82003177d0b4841a3e4652442e5b1",
                "reference": "16d696c138b82003177d0b4841a3e4652442e5b1",
                "shasum": ""
            },
            "require": {
                "ext-curl": "*",
                "ext-json": "*",
                "php": ">=5.2.0"
            },
            "type": "library",
            "autoload": {
                "classmap": [
                    "src"
                ]
            },
            "notification-url": "https://packagist.org/downloads/",
            "license": [
                "Apache2"
            ],
            "authors": [
                {
                    "name": "Facebook",
                    "homepage": "https://github.com/facebook/facebook-php-sdk/contributors"
                }
            ],
            "description": "Facebook PHP SDK",
            "homepage": "https://github.com/facebook/facebook-php-sdk",
            "keywords": [
                "facebook",
                "sdk"
            ],
            "time": "2013-05-16 02:42:18"
        },
        {
            "name": "larukedi/scabbia-framework",
            "version": "dev-master",
            "source": {
                "type": "git",
                "url": "https://github.com/larukedi/Scabbia-Framework.git",
                "reference": "27799246a3b5087c4ce190300b4a73c855a0ecaf"
            },
            "dist": {
                "type": "zip",
                "url": "https://api.github.com/repos/larukedi/Scabbia-Framework/zipball/27799246a3b5087c4ce190300b4a73c855a0ecaf",
                "reference": "27799246a3b5087c4ce190300b4a73c855a0ecaf",
                "shasum": ""
            },
            "require": {
                "dflydev/markdown": ">=1.0.2",
                "facebook/php-sdk": ">=3.2.2",
                "leafo/lessphp": "dev-master",
                "mustache/mustache": ">=2.1.0",
                "php": ">=5.3.7",
                "psr/log": "1.0.0",
                "trekksoft/potomoco": "dev-master"
            },
            "suggest": {
                "ext-curl": "ext/curl for http communication",
                "ext-gd": "ext/gd for image manipulation",
                "ext-gettext": "ext/gettext for translation",
                "ext-intl": "ext/intl for i18n features",
                "ext-mbstring": "ext/json for multibyte string manipulation",
                "ext-memcache": "ext/memcache for caching features",
                "ext-mongo": "ext/mongo for mongodb support",
                "ext-soap": "ext/soap for soap protocol",
                "ext-sockets": "ext/sockets for socket communication",
                "ext-tokenizer": "ext/tokenizer for lexical analysis"
            },
            "type": "library",
            "autoload": {
                "psr-0": {
                    "Scabbia": "src"
                }
            },
            "notification-url": "https://packagist.org/downloads/",
            "license": [
                "GPL-3.0+"
            ],
            "authors": [
                {
                    "name": "Eser Ozvataf",
                    "email": "eser@sent.com"
                }
            ],
            "description": "Scabbia Framework",
            "homepage": "http://larukedi.github.com/Scabbia-Framework/",
            "keywords": [
                "framework",
                "larukedi",
                "scabbia"
            ],
            "time": "2013-06-12 23:28:17"
        },
        {
            "name": "leafo/lessphp",
            "version": "dev-master",
            "source": {
                "type": "git",
                "url": "https://github.com/leafo/lessphp.git",
                "reference": "ff86f2941c3f3d67d56acad2f8902ca57c73b359"
            },
            "dist": {
                "type": "zip",
                "url": "https://api.github.com/repos/leafo/lessphp/zipball/ff86f2941c3f3d67d56acad2f8902ca57c73b359",
                "reference": "ff86f2941c3f3d67d56acad2f8902ca57c73b359",
                "shasum": ""
            },
            "type": "library",
            "extra": {
                "branch-alias": {
                    "dev-master": "0.3-dev"
                }
            },
            "autoload": {
                "classmap": [
                    "lessc.inc.php"
                ]
            },
            "notification-url": "https://packagist.org/downloads/",
            "license": [
                "MIT",
                "GPL-3.0"
            ],
            "authors": [
                {
                    "name": "Leaf Corcoran",
                    "email": "leafot@gmail.com",
                    "homepage": "http://leafo.net"
                }
            ],
            "description": "lessphp is a compiler for LESS written in PHP.",
            "homepage": "http://leafo.net/lessphp/",
            "time": "2013-05-22 17:52:29"
        },
        {
            "name": "mustache/mustache",
            "version": "dev-master",
            "source": {
                "type": "git",
                "url": "https://github.com/bobthecow/mustache.php.git",
                "reference": "v2.3.1"
            },
            "dist": {
                "type": "zip",
                "url": "https://api.github.com/repos/bobthecow/mustache.php/zipball/v2.3.1",
                "reference": "v2.3.1",
                "shasum": ""
            },
            "require": {
                "php": ">=5.2.4"
            },
            "type": "library",
            "autoload": {
                "psr-0": {
                    "Mustache": "src/"
                }
            },
            "notification-url": "https://packagist.org/downloads/",
            "license": [
                "MIT"
            ],
            "authors": [
                {
                    "name": "Justin Hileman",
                    "email": "justin@justinhileman.info",
                    "homepage": "http://justinhileman.com"
                }
            ],
            "description": "A Mustache implementation in PHP.",
            "homepage": "https://github.com/bobthecow/mustache.php",
            "keywords": [
                "mustache",
                "templating"
            ],
            "time": "2013-04-25 15:23:30"
        },
        {
            "name": "psr/log",
            "version": "1.0.0",
            "source": {
                "type": "git",
                "url": "https://github.com/php-fig/log",
                "reference": "1.0.0"
            },
            "dist": {
                "type": "zip",
                "url": "https://github.com/php-fig/log/archive/1.0.0.zip",
                "reference": "1.0.0",
                "shasum": ""
            },
            "type": "library",
            "autoload": {
                "psr-0": {
                    "Psr\\Log\\": ""
                }
            },
            "notification-url": "https://packagist.org/downloads/",
            "license": [
                "MIT"
            ],
            "authors": [
                {
                    "name": "PHP-FIG",
                    "homepage": "http://www.php-fig.org/"
                }
            ],
            "description": "Common interface for logging libraries",
            "keywords": [
                "log",
                "psr",
                "psr-3"
            ],
            "time": "2012-12-21 11:40:51"
        },
        {
            "name": "trekksoft/potomoco",
            "version": "dev-master",
            "source": {
                "type": "git",
                "url": "https://github.com/bigwhoop/potomoco.git",
                "reference": "1085e8efd42ebdd8d5383954d358979a892bfa34"
            },
            "dist": {
                "type": "zip",
                "url": "https://api.github.com/repos/bigwhoop/potomoco/zipball/1085e8efd42ebdd8d5383954d358979a892bfa34",
                "reference": "1085e8efd42ebdd8d5383954d358979a892bfa34",
                "shasum": ""
            },
            "require": {
                "php": ">=5.3.0"
            },
            "type": "library",
            "autoload": {
                "psr-0": {
                    "TrekkSoft\\Potomoco": "src/"
                }
            },
            "notification-url": "https://packagist.org/downloads/",
            "license": [
                "MIT"
            ],
            "authors": [
                {
                    "name": "Philippe Gerber",
                    "email": "philippe@bigwhoop.ch",
                    "homepage": "http://bigwhoop.ch"
                }
            ],
            "description": "Simple gettext compiler (.po to .mo)",
            "homepage": "https://github.com/bigwhoop/potomoco",
            "keywords": [
                "gettext"
            ],
            "time": "2012-09-03 10:25:21"
        }
    ],
    "packages-dev": [

    ],
    "aliases": [

    ],
    "minimum-stability": "dev",
    "stability-flags": {
        "larukedi/scabbia-framework": 20
    },
    "platform": [

    ],
    "platform-dev": [

    ]
}
